
Microsoft Visual Studio Solution File, Format Version 12.00
# Visual Studio 15
VisualStudioVersion = 15.0.28307.271
MinimumVisualStudioVersion = 10.0.40219.1
Project("{FAE04EC0-301F-11D3-BF4B-00C04F79EFBC}") = "GradeCalculator", "GradeCalculator\GradeCalculator.csproj", "{0D67A9F0-91DF-4DF1-AE2B-C71C21CFB636}"
EndProject
Global
	GlobalSection(SolutionConfigurationPlatforms) = preSolution
		Debug|Any CPU = Debug|Any CPU
		Release|Any CPU = Release|Any CPU
	EndGlobalSection
	GlobalSection(ProjectConfigurationPlatforms) = postSolution
		{0D67A9F0-91DF-4DF1-AE2B-C71C21CFB636}.Debug|Any CPU.ActiveCfg = Debug|Any CPU
		{0D67A9F0-91DF-4DF1-AE2B-C71C21CFB636}.Debug|Any CPU.Build.0 = Debug|Any CPU
		{0D67A9F0-91DF-4DF1-AE2B-C71C21CFB636}.Release|Any CPU.ActiveCfg = Release|Any CPU
		{0D67A9F0-91DF-4DF1-AE2B-C71C21CFB636}.Release|Any CPU.Build.0 = Release|Any CPU
	EndGlobalSection
	GlobalSection(SolutionProperties) = preSolution
		HideSolutionNode = FALSE
	EndGlobalSection
	GlobalSection(ExtensibilityGlobals) = postSolution
		SolutionGuid = {D3E07F50-8F47-4D76-AC4A-B955136CA2B3}
	EndGlobalSection
EndGlobal
